{
  "version": "3",
  "packages": {
    "specifiers": {
      "jsr:@core/iterutil@^0.6.0": "jsr:@core/iterutil@0.6.0",
      "jsr:@std/assert@^1.0.2": "jsr:@std/assert@1.0.2",
      "jsr:@std/async@^1.0.2": "jsr:@std/async@1.0.2",
      "jsr:@std/internal@^1.0.1": "jsr:@std/internal@1.0.1"
    },
    "jsr": {
      "@core/iterutil@0.6.0": {
        "integrity": "8de0d0062a515496ae744983941d7e379668c2ee2edf43f63423e8da753828b1"
      },
      "@std/assert@1.0.2": {
        "integrity": "ccacec332958126deaceb5c63ff8b4eaf9f5ed0eac9feccf124110435e59e49c",
        "dependencies": [
          "jsr:@std/internal@^1.0.1"
        ]
      },
      "@std/async@1.0.2": {
        "integrity": "36e7f0f922c843b45df546857d269f01ed4d0406aced2a6639eac325b2435e43"
      },
      "@std/internal@1.0.1": {
        "integrity": "6f8c7544d06a11dd256c8d6ba54b11ed870aac6c5aeafff499892662c57673e6"
      }
    }
  },
  "remote": {},
  "workspace": {
    "dependencies": [
      "jsr:@core/iterutil@^0.6.0",
      "jsr:@std/assert@^1.0.2",
      "jsr:@std/async@^1.0.2"
    ]
  }
}
