{
  "version": "3",
  "packages": {
    "specifiers": {
      "jsr:@core/asyncutil@~1.0.0": "jsr:@core/asyncutil@1.0.2",
      "jsr:@core/iterutil@^0.6.0": "jsr:@core/iterutil@0.6.0",
      "jsr:@core/unknownutil@^4.2.0": "jsr:@core/unknownutil@4.2.0",
      "jsr:@cross/runtime@^1.0.0": "jsr:@cross/runtime@1.0.0",
      "jsr:@cross/test@^0.0.9": "jsr:@cross/test@0.0.9",
      "jsr:@std/assert@^1.0.2": "jsr:@std/assert@1.0.2",
      "jsr:@std/async@^1.0.2": "jsr:@std/async@1.0.3",
      "jsr:@std/internal@^1.0.1": "jsr:@std/internal@1.0.1",
      "jsr:@std/json@^1.0.0": "jsr:@std/json@1.0.0",
      "jsr:@std/jsonc@^1.0.0": "jsr:@std/jsonc@1.0.0",
      "jsr:@std/path@^1.0.2": "jsr:@std/path@1.0.2",
      "npm:@types/node": "npm:@types/node@18.16.19"
    },
    "jsr": {
      "@core/asyncutil@1.0.2": {
        "integrity": "efb2c41ccf6d9ba481f1fedb87734813530ef64ca2193a89f595cd1483b71476",
        "dependencies": [
          "jsr:@core/iterutil@^0.6.0"
        ]
      },
      "@core/iterutil@0.6.0": {
        "integrity": "8de0d0062a515496ae744983941d7e379668c2ee2edf43f63423e8da753828b1"
      },
      "@core/unknownutil@4.2.0": {
        "integrity": "cc0609f2e9fcfd68783c8c34d588261464114770d83047e93eaa1e13732aaedb"
      },
      "@cross/runtime@1.0.0": {
        "integrity": "dddecdf99182df13d50279d1e473f715e83d41961c5c22edd7bb0c4c3cf8a76a"
      },
      "@cross/test@0.0.9": {
        "integrity": "2aa8237a96a2f8f51ccc8fec71135616d223bf4f38dd89ba4f863037c85ddc56",
        "dependencies": [
          "jsr:@cross/runtime@^1.0.0"
        ]
      },
      "@std/assert@1.0.2": {
        "integrity": "ccacec332958126deaceb5c63ff8b4eaf9f5ed0eac9feccf124110435e59e49c",
        "dependencies": [
          "jsr:@std/internal@^1.0.1"
        ]
      },
      "@std/async@1.0.3": {
        "integrity": "6ed64678db43451683c6c176a21426a2ccd21ba0269ebb2c36133ede3f165792"
      },
      "@std/internal@1.0.1": {
        "integrity": "6f8c7544d06a11dd256c8d6ba54b11ed870aac6c5aeafff499892662c57673e6"
      },
      "@std/json@1.0.0": {
        "integrity": "985c1e544918d42e4e84072fc739ac4a19c3a5093292c99742ffcdd03fb6a268"
      },
      "@std/jsonc@1.0.0": {
        "integrity": "835da212e586f3ef94ab25e8f0e8a7711a86fddbee95ad40c34d6b3d74da1a1b",
        "dependencies": [
          "jsr:@std/json@^1.0.0"
        ]
      },
      "@std/path@1.0.2": {
        "integrity": "a452174603f8c620bd278a380c596437a9eef50c891c64b85812f735245d9ec7"
      }
    },
    "npm": {
      "@types/node@18.16.19": {
        "integrity": "sha512-IXl7o+R9iti9eBW4Wg2hx1xQDig183jj7YLn8F7udNceyfkbn1ZxmzZXuak20gR40D7pIkIY1kYGx5VIGbaHKA==",
        "dependencies": {}
      }
    }
  },
  "remote": {},
  "workspace": {
    "dependencies": [
      "jsr:@core/iterutil@^0.6.0",
      "jsr:@core/unknownutil@^4.2.0",
      "jsr:@cross/test@^0.0.9",
      "jsr:@std/assert@^1.0.2",
      "jsr:@std/async@^1.0.2",
      "jsr:@std/jsonc@^1.0.0",
      "jsr:@std/path@^1.0.2"
    ],
    "packageJson": {
      "dependencies": [
        "npm:@jsr/core__iterutil@^0.6.0-pre.0",
        "npm:@jsr/core__unknownutil@^4.2.0",
        "npm:@jsr/cross__test",
        "npm:@jsr/std__assert",
        "npm:@jsr/std__async@^1.0.3",
        "npm:@jsr/std__jsonc@^1.0.0-rc.3",
        "npm:@jsr/std__path@^1.0.2"
      ]
    }
  }
}
