{
  "name": "asyncutil",
  "lockfileVersion": 3,
  "requires": true,
  "packages": {
    "": {
      "dependencies": {
        "@core/iterutil": "npm:@jsr/core__iterutil@^0.6.0-pre.0",
        "@core/unknownutil": "npm:@jsr/core__unknownutil@^4.2.0",
        "@cross/test": "npm:@jsr/cross__test",
        "@std/assert": "npm:@jsr/std__assert",
        "@std/async": "npm:@jsr/std__async@^1.0.3",
        "@std/jsonc": "npm:@jsr/std__jsonc@^1.0.0-rc.3",
        "@std/path": "npm:@jsr/std__path@^1.0.2"
      }
    },
    "node_modules/@core/iterutil": {
      "name": "@jsr/core__iterutil",
      "version": "0.6.0-pre.0",
      "resolved": "https://npm.jsr.io/~/11/@jsr/core__iterutil/0.6.0-pre.0.tgz",
      "integrity": "sha512-O/ka3467LURyXdWqvorYUPQirCaEQOueYwO7RSnKRDd1aGYK0yzfEvfGZkYwYC2PRT745+MOi4lsX6SKKMs97A=="
    },
    "node_modules/@core/unknownutil": {
      "name": "@jsr/core__unknownutil",
      "version": "4.2.0",
      "resolved": "https://npm.jsr.io/~/11/@jsr/core__unknownutil/4.2.0.tgz",
      "integrity": "sha512-HA5TxLa7E1mSNwiG1oRPfeq09SSrr6OH9TIeM5ECy14Vzv3hnsxxQO4il6Nt24HwMwFt2NkJ/RUqWD07Kbyg4g=="
    },
    "node_modules/@cross/test": {
      "name": "@jsr/cross__test",
      "version": "0.0.9",
      "resolved": "https://npm.jsr.io/~/11/@jsr/cross__test/0.0.9.tgz",
      "integrity": "sha512-zwDSXQHw8n6k/gBj1Q67Td34Lb1PfkzLTggXnNZzcRO9SxcdAlzyOKFCF62kTFM7ZjVPqYvqu2gHzMLtj6cayw==",
      "dependencies": {
        "@jsr/cross__runtime": "^1.0.0"
      }
    },
    "node_modules/@jsr/cross__runtime": {
      "version": "1.0.0",
      "resolved": "https://npm.jsr.io/~/11/@jsr/cross__runtime/1.0.0.tgz",
      "integrity": "sha512-wUtjVBTk65ae4AKQRnxD5x3h4vVmopdKAYie/uS01Qolii2XQ81bKtRTvJ4kx133GYYgIAgyl3ihQ0OK8LcPmQ=="
    },
    "node_modules/@jsr/std__bytes": {
      "version": "1.0.2",
      "resolved": "https://npm.jsr.io/~/11/@jsr/std__bytes/1.0.2.tgz",
      "integrity": "sha512-bkZ1rllRB1qsxFbPqtO1VAYTW2+3ZDmf6pcy8xihKS33r0Z1ly6/E/5DoapnJsNy05LdnANUySWt5kj/awgGdg=="
    },
    "node_modules/@jsr/std__internal": {
      "version": "1.0.1",
      "resolved": "https://npm.jsr.io/~/11/@jsr/std__internal/1.0.1.tgz",
      "integrity": "sha512-ssI1kvluIero6cCfiWNmYItqCR8QpQB+STBJoe/xQVZ79SDpoqjK5VF2Eq/2M+Dz8WbqHVmrXRCaGN162x+Ebw=="
    },
    "node_modules/@jsr/std__json": {
      "version": "1.0.0-rc.3",
      "resolved": "https://npm.jsr.io/~/11/@jsr/std__json/1.0.0-rc.3.tgz",
      "integrity": "sha512-nsHLvMmWTir390Ce3BUlteMF94vqRGpy3MVBi1fGmX7PqnWjpkThBmZJ9vpxME5HAkmA2sBaAOd0FqfQYlR0hw==",
      "dependencies": {
        "@jsr/std__streams": "^1.0.0-rc.4"
      }
    },
    "node_modules/@jsr/std__streams": {
      "version": "1.0.2",
      "resolved": "https://npm.jsr.io/~/11/@jsr/std__streams/1.0.2.tgz",
      "integrity": "sha512-xaB3PAJKs5wkXmPvoetMatHjXDWiDTwacFGqxmioFZyZzsQ72mJ4v5C9srw0C1KDpCKtEIuZSJWhTwMSziNNgQ==",
      "dependencies": {
        "@jsr/std__bytes": "^1.0.2-rc.3"
      }
    },
    "node_modules/@std/assert": {
      "name": "@jsr/std__assert",
      "version": "1.0.2",
      "resolved": "https://npm.jsr.io/~/11/@jsr/std__assert/1.0.2.tgz",
      "integrity": "sha512-xujHXXeT3zvMNZeCXiDyfiITaqP4rgH8wqHNUD0Iyr4c2R0Ea//zJ4pASA1utIEIxeVu1jpeSlHU4+pagscqgQ==",
      "dependencies": {
        "@jsr/std__internal": "^1.0.1"
      }
    },
    "node_modules/@std/async": {
      "name": "@jsr/std__async",
      "version": "1.0.3",
      "resolved": "https://npm.jsr.io/~/11/@jsr/std__async/1.0.3.tgz",
      "integrity": "sha512-j5NZqYHN/czhfjBKh0jvPU5IRhP3Y5Lk7X3qL5ghw0gDSwI8h/kzlxSMV98ML0L6tXN9SvZU8lqa8Q5evtL4sA=="
    },
    "node_modules/@std/jsonc": {
      "name": "@jsr/std__jsonc",
      "version": "1.0.0-rc.3",
      "resolved": "https://npm.jsr.io/~/11/@jsr/std__jsonc/1.0.0-rc.3.tgz",
      "integrity": "sha512-4qWZ9mrCieAfQQSdLuSPIUqShG0vJbzA0jmm1ON58VbfQGmftRgC1vfVqRAOpgBwm5GhDZzI+MLhRRqEAF8XSg==",
      "dependencies": {
        "@jsr/std__json": "^1.0.0-rc.3"
      }
    },
    "node_modules/@std/path": {
      "name": "@jsr/std__path",
      "version": "1.0.2",
      "resolved": "https://npm.jsr.io/~/11/@jsr/std__path/1.0.2.tgz",
      "integrity": "sha512-VadQVUlJZhIjRi8RcDQcNzqKcowfEdqntIXhphae0MeHaC1y60OiFealO25WTzBTHqBC58KFNlM7KWH+tepgOg=="
    }
  }
}
